
Microsoft Visual Studio Solution File, Format Version 12.00
# Visual Studio Version 16
VisualStudioVersion = 16.0.31205.134
MinimumVisualStudioVersion = 10.0.40219.1
Project("{FAE04EC0-301F-11D3-BF4B-00C04F79EFBC}") = "5_21_file_2_wjy", "5_21_file_2_wjy.csproj", "{F44285A9-7BD5-4382-B5A9-754F80E957FB}"
EndProject
Global
	GlobalSection(SolutionConfigurationPlatforms) = preSolution
		Debug|Any CPU = Debug|Any CPU
		Release|Any CPU = Release|Any CPU
	EndGlobalSection
	GlobalSection(ProjectConfigurationPlatforms) = postSolution
		{F44285A9-7BD5-4382-B5A9-754F80E957FB}.Debug|Any CPU.ActiveCfg = Debug|Any CPU
		{F44285A9-7BD5-4382-B5A9-754F80E957FB}.Debug|Any CPU.Build.0 = Debug|Any CPU
		{F44285A9-7BD5-4382-B5A9-754F80E957FB}.Release|Any CPU.ActiveCfg = Release|Any CPU
		{F44285A9-7BD5-4382-B5A9-754F80E957FB}.Release|Any CPU.Build.0 = Release|Any CPU
	EndGlobalSection
	GlobalSection(SolutionProperties) = preSolution
		HideSolutionNode = FALSE
	EndGlobalSection
	GlobalSection(ExtensibilityGlobals) = postSolution
		SolutionGuid = {9CCEEDBA-5404-4C84-86E5-23B0F7478BFB}
	EndGlobalSection
EndGlobal
